// !$*UTF8*$!
{
	archiveVersion = 1;
	classes = {
	};
	objectVersion = 46;
	objects = {

/* Begin PBXBuildFile section */
		964E6E011CD9044A00CA53FC /* PlayingCardViewController.m in Sources */ = {isa = PBXBuildFile; fileRef = 964E6E001CD9044A00CA53FC /* PlayingCardViewController.m */; };
		964E6E041CD90A7100CA53FC /* SetCardDeck.m in Sources */ = {isa = PBXBuildFile; fileRef = 964E6E031CD90A7100CA53FC /* SetCardDeck.m */; };
		964E6E071CD90ADE00CA53FC /* SetCard.m in Sources */ = {isa = PBXBuildFile; fileRef = 964E6E061CD90ADE00CA53FC /* SetCard.m */; };
		969B57F71CADFE33002B18AA /* PlayingCard.m in Sources */ = {isa = PBXBuildFile; fileRef = 969B57F61CADFE33002B18AA /* PlayingCard.m */; };
		969B57FA1CAE062F002B18AA /* Deck.m in Sources */ = {isa = PBXBuildFile; fileRef = 969B57F91CAE062F002B18AA /* Deck.m */; };
		969B57FD1CAE0B51002B18AA /* PlayingCardDeck.m in Sources */ = {isa = PBXBuildFile; fileRef = 969B57FC1CAE0B51002B18AA /* PlayingCardDeck.m */; };
		96AA0D371CB5DAD900054BB9 /* CardMatchingGame.m in Sources */ = {isa = PBXBuildFile; fileRef = 96AA0D361CB5DAD900054BB9 /* CardMatchingGame.m */; };
		96AAE6D81CAAE5B2008D9CAA /* main.m in Sources */ = {isa = PBXBuildFile; fileRef = 96AAE6D71CAAE5B2008D9CAA /* main.m */; };
		96AAE6DB1CAAE5B2008D9CAA /* AppDelegate.m in Sources */ = {isa = PBXBuildFile; fileRef = 96AAE6DA1CAAE5B2008D9CAA /* AppDelegate.m */; };
		96AAE6DE1CAAE5B2008D9CAA /* ViewController.m in Sources */ = {isa = PBXBuildFile; fileRef = 96AAE6DD1CAAE5B2008D9CAA /* ViewController.m */; };
		96AAE6E11CAAE5B2008D9CAA /* Main.storyboard in Resources */ = {isa = PBXBuildFile; fileRef = 96AAE6DF1CAAE5B2008D9CAA /* Main.storyboard */; };
		96AAE6E41CAAE5B2008D9CAA /* Matchismo.xcdatamodeld in Sources */ = {isa = PBXBuildFile; fileRef = 96AAE6E21CAAE5B2008D9CAA /* Matchismo.xcdatamodeld */; };
		96AAE6E61CAAE5B2008D9CAA /* Assets.xcassets in Resources */ = {isa = PBXBuildFile; fileRef = 96AAE6E51CAAE5B2008D9CAA /* Assets.xcassets */; };
		96AAE6E91CAAE5B2008D9CAA /* LaunchScreen.storyboard in Resources */ = {isa = PBXBuildFile; fileRef = 96AAE6E71CAAE5B2008D9CAA /* LaunchScreen.storyboard */; };
		96AAE6F41CAAE5B2008D9CAA /* MatchismoTests.m in Sources */ = {isa = PBXBuildFile; fileRef = 96AAE6F31CAAE5B2008D9CAA /* MatchismoTests.m */; };
		96AAE6FF1CAAE5B2008D9CAA /* MatchismoUITests.m in Sources */ = {isa = PBXBuildFile; fileRef = 96AAE6FE1CAAE5B2008D9CAA /* MatchismoUITests.m */; };
		96AAE7111CAC3BAA008D9CAA /* Card.m in Sources */ = {isa = PBXBuildFile; fileRef = 96AAE7101CAC3BAA008D9CAA /* Card.m */; };
		96B2FD0D1CD67D5F003F3132 /* SetViewController.m in Sources */ = {isa = PBXBuildFile; fileRef = 96B2FD0C1CD67D5F003F3132 /* SetViewController.m */; };
/* End PBXBuildFile section */

/* Begin PBXContainerItemProxy section */
		96AAE6F01CAAE5B2008D9CAA /* PBXContainerItemProxy */ = {
			isa = PBXContainerItemProxy;
			containerPortal = 96AAE6CB1CAAE5B1008D9CAA /* Project object */;
			proxyType = 1;
			remoteGlobalIDString = 96AAE6D21CAAE5B1008D9CAA;
			remoteInfo = Matchismo;
		};
		96AAE6FB1CAAE5B2008D9CAA /* PBXContainerItemProxy */ = {
			isa = PBXContainerItemProxy;
			containerPortal = 96AAE6CB1CAAE5B1008D9CAA /* Project object */;
			proxyType = 1;
			remoteGlobalIDString = 96AAE6D21CAAE5B1008D9CAA;
			remoteInfo = Matchismo;
		};
/* End PBXContainerItemProxy section */

/* Begin PBXFileReference section */
		964E6DFF1CD9044A00CA53FC /* PlayingCardViewController.h */ = {isa = PBXFileReference; fileEncoding = 4; lastKnownFileType = sourcecode.c.h; path = PlayingCardViewController.h; sourceTree = "<group>"; };
		964E6E001CD9044A00CA53FC /* PlayingCardViewController.m */ = {isa = PBXFileReference; fileEncoding = 4; lastKnownFileType = sourcecode.c.objc; path = PlayingCardViewController.m; sourceTree = "<group>"; };
		964E6E021CD90A7100CA53FC /* SetCardDeck.h */ = {isa = PBXFileReference; fileEncoding = 4; lastKnownFileType = sourcecode.c.h; path = SetCardDeck.h; sourceTree = "<group>"; };
		964E6E031CD90A7100CA53FC /* SetCardDeck.m */ = {isa = PBXFileReference; fileEncoding = 4; lastKnownFileType = sourcecode.c.objc; path = SetCardDeck.m; sourceTree = "<group>"; };
		964E6E051CD90ADE00CA53FC /* SetCard.h */ = {isa = PBXFileReference; fileEncoding = 4; lastKnownFileType = sourcecode.c.h; path = SetCard.h; sourceTree = "<group>"; };
		964E6E061CD90ADE00CA53FC /* SetCard.m */ = {isa = PBXFileReference; fileEncoding = 4; lastKnownFileType = sourcecode.c.objc; path = SetCard.m; sourceTree = "<group>"; };
		969B57F51CADFE33002B18AA /* PlayingCard.h */ = {isa = PBXFileReference; fileEncoding = 4; lastKnownFileType = sourcecode.c.h; path = PlayingCard.h; sourceTree = "<group>"; };
		969B57F61CADFE33002B18AA /* PlayingCard.m */ = {isa = PBXFileReference; fileEncoding = 4; lastKnownFileType = sourcecode.c.objc; path = PlayingCard.m; sourceTree = "<group>"; };
		969B57F81CAE062F002B18AA /* Deck.h */ = {isa = PBXFileReference; fileEncoding = 4; lastKnownFileType = sourcecode.c.h; path = Deck.h; sourceTree = "<group>"; };
		969B57F91CAE062F002B18AA /* Deck.m */ = {isa = PBXFileReference; fileEncoding = 4; lastKnownFileType = sourcecode.c.objc; path = Deck.m; sourceTree = "<group>"; };
		969B57FB1CAE0B51002B18AA /* PlayingCardDeck.h */ = {isa = PBXFileReference; fileEncoding = 4; lastKnownFileType = sourcecode.c.h; path = PlayingCardDeck.h; sourceTree = "<group>"; };
		969B57FC1CAE0B51002B18AA /* PlayingCardDeck.m */ = {isa = PBXFileReference; fileEncoding = 4; lastKnownFileType = sourcecode.c.objc; path = PlayingCardDeck.m; sourceTree = "<group>"; };
		96AA0D351CB5DAD900054BB9 /* CardMatchingGame.h */ = {isa = PBXFileReference; fileEncoding = 4; lastKnownFileType = sourcecode.c.h; name = CardMatchingGame.h; path = Model/CardMatchingGame.h; sourceTree = "<group>"; };
		96AA0D361CB5DAD900054BB9 /* CardMatchingGame.m */ = {isa = PBXFileReference; fileEncoding = 4; lastKnownFileType = sourcecode.c.objc; name = CardMatchingGame.m; path = Model/CardMatchingGame.m; sourceTree = "<group>"; };
		96AAE6D31CAAE5B2008D9CAA /* Matchismo.app */ = {isa = PBXFileReference; explicitFileType = wrapper.application; includeInIndex = 0; path = Matchismo.app; sourceTree = BUILT_PRODUCTS_DIR; };
		96AAE6D71CAAE5B2008D9CAA /* main.m */ = {isa = PBXFileReference; lastKnownFileType = sourcecode.c.objc; path = main.m; sourceTree = "<group>"; };
		96AAE6D91CAAE5B2008D9CAA /* AppDelegate.h */ = {isa = PBXFileReference; lastKnownFileType = sourcecode.c.h; path = AppDelegate.h; sourceTree = "<group>"; };
		96AAE6DA1CAAE5B2008D9CAA /* AppDelegate.m */ = {isa = PBXFileReference; lastKnownFileType = sourcecode.c.objc; path = AppDelegate.m; sourceTree = "<group>"; };
		96AAE6DC1CAAE5B2008D9CAA /* ViewController.h */ = {isa = PBXFileReference; lastKnownFileType = sourcecode.c.h; path = ViewController.h; sourceTree = "<group>"; };
		96AAE6DD1CAAE5B2008D9CAA /* ViewController.m */ = {isa = PBXFileReference; lastKnownFileType = sourcecode.c.objc; path = ViewController.m; sourceTree = "<group>"; };
		96AAE6E01CAAE5B2008D9CAA /* Base */ = {isa = PBXFileReference; lastKnownFileType = file.storyboard; name = Base; path = Base.lproj/Main.storyboard; sourceTree = "<group>"; };
		96AAE6E31CAAE5B2008D9CAA /* Matchismo.xcdatamodel */ = {isa = PBXFileReference; lastKnownFileType = wrapper.xcdatamodel; path = Matchismo.xcdatamodel; sourceTree = "<group>"; };
		96AAE6E51CAAE5B2008D9CAA /* Assets.xcassets */ = {isa = PBXFileReference; lastKnownFileType = folder.assetcatalog; path = Assets.xcassets; sourceTree = "<group>"; };
		96AAE6E81CAAE5B2008D9CAA /* Base */ = {isa = PBXFileReference; lastKnownFileType = file.storyboard; name = Base; path = Base.lproj/LaunchScreen.storyboard; sourceTree = "<group>"; };
		96AAE6EA1CAAE5B2008D9CAA /* Info.plist */ = {isa = PBXFileReference; lastKnownFileType = text.plist.xml; path = Info.plist; sourceTree = "<group>"; };
		96AAE6EF1CAAE5B2008D9CAA /* MatchismoTests.xctest */ = {isa = PBXFileReference; explicitFileType = wrapper.cfbundle; includeInIndex = 0; path = MatchismoTests.xctest; sourceTree = BUILT_PRODUCTS_DIR; };
		96AAE6F31CAAE5B2008D9CAA /* MatchismoTests.m */ = {isa = PBXFileReference; lastKnownFileType = sourcecode.c.objc; path = MatchismoTests.m; sourceTree = "<group>"; };
		96AAE6F51CAAE5B2008D9CAA /* Info.plist */ = {isa = PBXFileReference; lastKnownFileType = text.plist.xml; path = Info.plist; sourceTree = "<group>"; };
		96AAE6FA1CAAE5B2008D9CAA /* MatchismoUITests.xctest */ = {isa = PBXFileReference; explicitFileType = wrapper.cfbundle; includeInIndex = 0; path = MatchismoUITests.xctest; sourceTree = BUILT_PRODUCTS_DIR; };
		96AAE6FE1CAAE5B2008D9CAA /* MatchismoUITests.m */ = {isa = PBXFileReference; lastKnownFileType = sourcecode.c.objc; path = MatchismoUITests.m; sourceTree = "<group>"; };
		96AAE7001CAAE5B2008D9CAA /* Info.plist */ = {isa = PBXFileReference; lastKnownFileType = text.plist.xml; path = Info.plist; sourceTree = "<group>"; };
		96AAE70F1CAC3BAA008D9CAA /* Card.h */ = {isa = PBXFileReference; fileEncoding = 4; lastKnownFileType = sourcecode.c.h; name = Card.h; path = Model/Card.h; sourceTree = "<group>"; };
		96AAE7101CAC3BAA008D9CAA /* Card.m */ = {isa = PBXFileReference; fileEncoding = 4; lastKnownFileType = sourcecode.c.objc; name = Card.m; path = Model/Card.m; sourceTree = "<group>"; };
		96B2FD0B1CD67D5F003F3132 /* SetViewController.h */ = {isa = PBXFileReference; fileEncoding = 4; lastKnownFileType = sourcecode.c.h; path = SetViewController.h; sourceTree = "<group>"; };
		96B2FD0C1CD67D5F003F3132 /* SetViewController.m */ = {isa = PBXFileReference; fileEncoding = 4; lastKnownFileType = sourcecode.c.objc; path = SetViewController.m; sourceTree = "<group>"; };
/* End PBXFileReference section */

/* Begin PBXFrameworksBuildPhase section */
		96AAE6D01CAAE5B1008D9CAA /* Frameworks */ = {
			isa = PBXFrameworksBuildPhase;
			buildActionMask = 2147483647;
			files = (
			);
			runOnlyForDeploymentPostprocessing = 0;
		};
		96AAE6EC1CAAE5B2008D9CAA /* Frameworks */ = {
			isa = PBXFrameworksBuildPhase;
			buildActionMask = 2147483647;
			files = (
			);
			runOnlyForDeploymentPostprocessing = 0;
		};
		96AAE6F71CAAE5B2008D9CAA /* Frameworks */ = {
			isa = PBXFrameworksBuildPhase;
			buildActionMask = 2147483647;
			files = (
			);
			runOnlyForDeploymentPostprocessing = 0;
		};
/* End PBXFrameworksBuildPhase section */

/* Begin PBXGroup section */
		96AAE6CA1CAAE5B1008D9CAA = {
			isa = PBXGroup;
			children = (
				96AAE6D51CAAE5B2008D9CAA /* Matchismo */,
				96AAE6F21CAAE5B2008D9CAA /* MatchismoTests */,
				96AAE6FD1CAAE5B2008D9CAA /* MatchismoUITests */,
				96AAE6D41CAAE5B2008D9CAA /* Products */,
			);
			sourceTree = "<group>";
		};
		96AAE6D41CAAE5B2008D9CAA /* Products */ = {
			isa = PBXGroup;
			children = (
				96AAE6D31CAAE5B2008D9CAA /* Matchismo.app */,
				96AAE6EF1CAAE5B2008D9CAA /* MatchismoTests.xctest */,
				96AAE6FA1CAAE5B2008D9CAA /* MatchismoUITests.xctest */,
			);
			name = Products;
			sourceTree = "<group>";
		};
		96AAE6D51CAAE5B2008D9CAA /* Matchismo */ = {
			isa = PBXGroup;
			children = (
				96AAE6DC1CAAE5B2008D9CAA /* ViewController.h */,
				96AAE6DD1CAAE5B2008D9CAA /* ViewController.m */,
				964E6DFF1CD9044A00CA53FC /* PlayingCardViewController.h */,
				964E6E001CD9044A00CA53FC /* PlayingCardViewController.m */,
				96B2FD0B1CD67D5F003F3132 /* SetViewController.h */,
				96B2FD0C1CD67D5F003F3132 /* SetViewController.m */,
				96AAE6DF1CAAE5B2008D9CAA /* Main.storyboard */,
				96AAE70E1CAC3B60008D9CAA /* Model */,
				96AAE6E51CAAE5B2008D9CAA /* Assets.xcassets */,
				96AAE6E71CAAE5B2008D9CAA /* LaunchScreen.storyboard */,
				96AAE6EA1CAAE5B2008D9CAA /* Info.plist */,
				96AAE6E21CAAE5B2008D9CAA /* Matchismo.xcdatamodeld */,
				96AAE6D61CAAE5B2008D9CAA /* Supporting Files */,
			);
			path = Matchismo;
			sourceTree = "<group>";
		};
		96AAE6D61CAAE5B2008D9CAA /* Supporting Files */ = {
			isa = PBXGroup;
			children = (
				96AAE6D91CAAE5B2008D9CAA /* AppDelegate.h */,
				96AAE6DA1CAAE5B2008D9CAA /* AppDelegate.m */,
				96AAE6D71CAAE5B2008D9CAA /* main.m */,
			);
			name = "Supporting Files";
			sourceTree = "<group>";
		};
		96AAE6F21CAAE5B2008D9CAA /* MatchismoTests */ = {
			isa = PBXGroup;
			children = (
				96AAE6F31CAAE5B2008D9CAA /* MatchismoTests.m */,
				96AAE6F51CAAE5B2008D9CAA /* Info.plist */,
			);
			path = MatchismoTests;
			sourceTree = "<group>";
		};
		96AAE6FD1CAAE5B2008D9CAA /* MatchismoUITests */ = {
			isa = PBXGroup;
			children = (
				96AAE6FE1CAAE5B2008D9CAA /* MatchismoUITests.m */,
				96AAE7001CAAE5B2008D9CAA /* Info.plist */,
			);
			path = MatchismoUITests;
			sourceTree = "<group>";
		};
		96AAE70E1CAC3B60008D9CAA /* Model */ = {
			isa = PBXGroup;
			children = (
				964E6E021CD90A7100CA53FC /* SetCardDeck.h */,
				964E6E031CD90A7100CA53FC /* SetCardDeck.m */,
				964E6E051CD90ADE00CA53FC /* SetCard.h */,
				964E6E061CD90ADE00CA53FC /* SetCard.m */,
				969B57F51CADFE33002B18AA /* PlayingCard.h */,
				969B57F61CADFE33002B18AA /* PlayingCard.m */,
				969B57FB1CAE0B51002B18AA /* PlayingCardDeck.h */,
				969B57FC1CAE0B51002B18AA /* PlayingCardDeck.m */,
				96AA0D351CB5DAD900054BB9 /* CardMatchingGame.h */,
				96AA0D361CB5DAD900054BB9 /* CardMatchingGame.m */,
				969B57F81CAE062F002B18AA /* Deck.h */,
				969B57F91CAE062F002B18AA /* Deck.m */,
				96AAE70F1CAC3BAA008D9CAA /* Card.h */,
				96AAE7101CAC3BAA008D9CAA /* Card.m */,
			);
			name = Model;
			sourceTree = "<group>";
		};
/* End PBXGroup section */

/* Begin PBXNativeTarget section */
		96AAE6D21CAAE5B1008D9CAA /* Matchismo */ = {
			isa = PBXNativeTarget;
			buildConfigurationList = 96AAE7031CAAE5B2008D9CAA /* Build configuration list for PBXNativeTarget "Matchismo" */;
			buildPhases = (
				96AAE6CF1CAAE5B1008D9CAA /* Sources */,
				96AAE6D01CAAE5B1008D9CAA /* Frameworks */,
				96AAE6D11CAAE5B1008D9CAA /* Resources */,
			);
			buildRules = (
			);
			dependencies = (
			);
			name = Matchismo;
			productName = Matchismo;
			productReference = 96AAE6D31CAAE5B2008D9CAA /* Matchismo.app */;
			productType = "com.apple.product-type.application";
		};
		96AAE6EE1CAAE5B2008D9CAA /* MatchismoTests */ = {
			isa = PBXNativeTarget;
			buildConfigurationList = 96AAE7061CAAE5B2008D9CAA /* Build configuration list for PBXNativeTarget "MatchismoTests" */;
			buildPhases = (
				96AAE6EB1CAAE5B2008D9CAA /* Sources */,
				96AAE6EC1CAAE5B2008D9CAA /* Frameworks */,
				96AAE6ED1CAAE5B2008D9CAA /* Resources */,
			);
			buildRules = (
			);
			dependencies = (
				96AAE6F11CAAE5B2008D9CAA /* PBXTargetDependency */,
			);
			name = MatchismoTests;
			productName = MatchismoTests;
			productReference = 96AAE6EF1CAAE5B2008D9CAA /* MatchismoTests.xctest */;
			productType = "com.apple.product-type.bundle.unit-test";
		};
		96AAE6F91CAAE5B2008D9CAA /* MatchismoUITests */ = {
			isa = PBXNativeTarget;
			buildConfigurationList = 96AAE7091CAAE5B2008D9CAA /* Build configuration list for PBXNativeTarget "MatchismoUITests" */;
			buildPhases = (
				96AAE6F61CAAE5B2008D9CAA /* Sources */,
				96AAE6F71CAAE5B2008D9CAA /* Frameworks */,
				96AAE6F81CAAE5B2008D9CAA /* Resources */,
			);
			buildRules = (
			);
			dependencies = (
				96AAE6FC1CAAE5B2008D9CAA /* PBXTargetDependency */,
			);
			name = MatchismoUITests;
			productName = MatchismoUITests;
			productReference = 96AAE6FA1CAAE5B2008D9CAA /* MatchismoUITests.xctest */;
			productType = "com.apple.product-type.bundle.ui-testing";
		};
/* End PBXNativeTarget section */

/* Begin PBXProject section */
		96AAE6CB1CAAE5B1008D9CAA /* Project object */ = {
			isa = PBXProject;
			attributes = {
				LastUpgradeCheck = 0730;
				ORGANIZATIONNAME = PolloStudios;
				TargetAttributes = {
					96AAE6D21CAAE5B1008D9CAA = {
						CreatedOnToolsVersion = 7.3;
						DevelopmentTeam = JQEM2Q65DT;
					};
					96AAE6EE1CAAE5B2008D9CAA = {
						CreatedOnToolsVersion = 7.3;
						TestTargetID = 96AAE6D21CAAE5B1008D9CAA;
					};
					96AAE6F91CAAE5B2008D9CAA = {
						CreatedOnToolsVersion = 7.3;
						TestTargetID = 96AAE6D21CAAE5B1008D9CAA;
					};
				};
			};
			buildConfigurationList = 96AAE6CE1CAAE5B1008D9CAA /* Build configuration list for PBXProject "Matchismo" */;
			compatibilityVersion = "Xcode 3.2";
			developmentRegion = English;
			hasScannedForEncodings = 0;
			knownRegions = (
				en,
				Base,
			);
			mainGroup = 96AAE6CA1CAAE5B1008D9CAA;
			productRefGroup = 96AAE6D41CAAE5B2008D9CAA /* Products */;
			projectDirPath = "";
			projectRoot = "";
			targets = (
				96AAE6D21CAAE5B1008D9CAA /* Matchismo */,
				96AAE6EE1CAAE5B2008D9CAA /* MatchismoTests */,
				96AAE6F91CAAE5B2008D9CAA /* MatchismoUITests */,
			);
		};
/* End PBXProject section */

/* Begin PBXResourcesBuildPhase section */
		96AAE6D11CAAE5B1008D9CAA /* Resources */ = {
			isa = PBXResourcesBuildPhase;
			buildActionMask = 2147483647;
			files = (
				96AAE6E91CAAE5B2008D9CAA /* LaunchScreen.storyboard in Resources */,
				96AAE6E61CAAE5B2008D9CAA /* Assets.xcassets in Resources */,
				96AAE6E11CAAE5B2008D9CAA /* Main.storyboard in Resources */,
			);
			runOnlyForDeploymentPostprocessing = 0;
		};
		96AAE6ED1CAAE5B2008D9CAA /* Resources */ = {
			isa = PBXResourcesBuildPhase;
			buildActionMask = 2147483647;
			files = (
			);
			runOnlyForDeploymentPostprocessing = 0;
		};
		96AAE6F81CAAE5B2008D9CAA /* Resources */ = {
			isa = PBXResourcesBuildPhase;
			buildActionMask = 2147483647;
			files = (
			);
			runOnlyForDeploymentPostprocessing = 0;
		};
/* End PBXResourcesBuildPhase section */

/* Begin PBXSourcesBuildPhase section */
		96AAE6CF1CAAE5B1008D9CAA /* Sources */ = {
			isa = PBXSourcesBuildPhase;
			buildActionMask = 2147483647;
			files = (
				969B57F71CADFE33002B18AA /* PlayingCard.m in Sources */,
				969B57FD1CAE0B51002B18AA /* PlayingCardDeck.m in Sources */,
				969B57FA1CAE062F002B18AA /* Deck.m in Sources */,
				96B2FD0D1CD67D5F003F3132 /* SetViewController.m in Sources */,
				96AA0D371CB5DAD900054BB9 /* CardMatchingGame.m in Sources */,
				96AAE6DE1CAAE5B2008D9CAA /* ViewController.m in Sources */,
				96AAE6DB1CAAE5B2008D9CAA /* AppDelegate.m in Sources */,
				964E6E071CD90ADE00CA53FC /* SetCard.m in Sources */,
				96AAE6D81CAAE5B2008D9CAA /* main.m in Sources */,
				964E6E011CD9044A00CA53FC /* PlayingCardViewController.m in Sources */,
				964E6E041CD90A7100CA53FC /* SetCardDeck.m in Sources */,
				96AAE6E41CAAE5B2008D9CAA /* Matchismo.xcdatamodeld in Sources */,
				96AAE7111CAC3BAA008D9CAA /* Card.m in Sources */,
			);
			runOnlyForDeploymentPostprocessing = 0;
		};
		96AAE6EB1CAAE5B2008D9CAA /* Sources */ = {
			isa = PBXSourcesBuildPhase;
			buildActionMask = 2147483647;
			files = (
				96AAE6F41CAAE5B2008D9CAA /* MatchismoTests.m in Sources */,
			);
			runOnlyForDeploymentPostprocessing = 0;
		};
		96AAE6F61CAAE5B2008D9CAA /* Sources */ = {
			isa = PBXSourcesBuildPhase;
			buildActionMask = 2147483647;
			files = (
				96AAE6FF1CAAE5B2008D9CAA /* MatchismoUITests.m in Sources */,
			);
			runOnlyForDeploymentPostprocessing = 0;
		};
/* End PBXSourcesBuildPhase section */

/* Begin PBXTargetDependency section */
		96AAE6F11CAAE5B2008D9CAA /* PBXTargetDependency */ = {
			isa = PBXTargetDependency;
			target = 96AAE6D21CAAE5B1008D9CAA /* Matchismo */;
			targetProxy = 96AAE6F01CAAE5B2008D9CAA /* PBXContainerItemProxy */;
		};
		96AAE6FC1CAAE5B2008D9CAA /* PBXTargetDependency */ = {
			isa = PBXTargetDependency;
			target = 96AAE6D21CAAE5B1008D9CAA /* Matchismo */;
			targetProxy = 96AAE6FB1CAAE5B2008D9CAA /* PBXContainerItemProxy */;
		};
/* End PBXTargetDependency section */

/* Begin PBXVariantGroup section */
		96AAE6DF1CAAE5B2008D9CAA /* Main.storyboard */ = {
			isa = PBXVariantGroup;
			children = (
				96AAE6E01CAAE5B2008D9CAA /* Base */,
			);
			name = Main.storyboard;
			sourceTree = "<group>";
		};
		96AAE6E71CAAE5B2008D9CAA /* LaunchScreen.storyboard */ = {
			isa = PBXVariantGroup;
			children = (
				96AAE6E81CAAE5B2008D9CAA /* Base */,
			);
			name = LaunchScreen.storyboard;
			sourceTree = "<group>";
		};
/* End PBXVariantGroup section */

/* Begin XCBuildConfiguration section */
		96AAE7011CAAE5B2008D9CAA /* Debug */ = {
			isa = XCBuildConfiguration;
			buildSettings = {
				ALWAYS_SEARCH_USER_PATHS = NO;
				CLANG_ANALYZER_NONNULL = YES;
				CLANG_CXX_LANGUAGE_STANDARD = "gnu++0x";
				CLANG_CXX_LIBRARY = "libc++";
				CLANG_ENABLE_MODULES = YES;
				CLANG_ENABLE_OBJC_ARC = YES;
				CLANG_WARN_BOOL_CONVERSION = YES;
				CLANG_WARN_CONSTANT_CONVERSION = YES;
				CLANG_WARN_DIRECT_OBJC_ISA_USAGE = YES_ERROR;
				CLANG_WARN_EMPTY_BODY = YES;
				CLANG_WARN_ENUM_CONVERSION = YES;
				CLANG_WARN_INT_CONVERSION = YES;
				CLANG_WARN_OBJC_ROOT_CLASS = YES_ERROR;
				CLANG_WARN_UNREACHABLE_CODE = YES;
				CLANG_WARN__DUPLICATE_METHOD_MATCH = YES;
				"CODE_SIGN_IDENTITY[sdk=iphoneos*]" = "iPhone Developer";
				COPY_PHASE_STRIP = NO;
				DEBUG_INFORMATION_FORMAT = dwarf;
				ENABLE_STRICT_OBJC_MSGSEND = YES;
				ENABLE_TESTABILITY = YES;
				GCC_C_LANGUAGE_STANDARD = gnu99;
				GCC_DYNAMIC_NO_PIC = NO;
				GCC_NO_COMMON_BLOCKS = YES;
				GCC_OPTIMIZATION_LEVEL = 0;
				GCC_PREPROCESSOR_DEFINITIONS = (
					"DEBUG=1",
					"$(inherited)",
				);
				GCC_WARN_64_TO_32_BIT_CONVERSION = YES;
				GCC_WARN_ABOUT_RETURN_TYPE = YES_ERROR;
				GCC_WARN_UNDECLARED_SELECTOR = YES;
				GCC_WARN_UNINITIALIZED_AUTOS = YES_AGGRESSIVE;
				GCC_WARN_UNUSED_FUNCTION = YES;
				GCC_WARN_UNUSED_VARIABLE = YES;
				IPHONEOS_DEPLOYMENT_TARGET = 9.3;
				MTL_ENABLE_DEBUG_INFO = YES;
				ONLY_ACTIVE_ARCH = YES;
				SDKROOT = iphoneos;
			};
			name = Debug;
		};
		96AAE7021CAAE5B2008D9CAA /* Release */ = {
			isa = XCBuildConfiguration;
			buildSettings = {
				ALWAYS_SEARCH_USER_PATHS = NO;
				CLANG_ANALYZER_NONNULL = YES;
				CLANG_CXX_LANGUAGE_STANDARD = "gnu++0x";
				CLANG_CXX_LIBRARY = "libc++";
				CLANG_ENABLE_MODULES = YES;
				CLANG_ENABLE_OBJC_ARC = YES;
				CLANG_WARN_BOOL_CONVERSION = YES;
				CLANG_WARN_CONSTANT_CONVERSION = YES;
				CLANG_WARN_DIRECT_OBJC_ISA_USAGE = YES_ERROR;
				CLANG_WARN_EMPTY_BODY = YES;
				CLANG_WARN_ENUM_CONVERSION = YES;
				CLANG_WARN_INT_CONVERSION = YES;
				CLANG_WARN_OBJC_ROOT_CLASS = YES_ERROR;
				CLANG_WARN_UNREACHABLE_CODE = YES;
				CLANG_WARN__DUPLICATE_METHOD_MATCH = YES;
				"CODE_SIGN_IDENTITY[sdk=iphoneos*]" = "iPhone Developer";
				COPY_PHASE_STRIP = NO;
				DEBUG_INFORMATION_FORMAT = "dwarf-with-dsym";
				ENABLE_NS_ASSERTIONS = NO;
				ENABLE_STRICT_OBJC_MSGSEND = YES;
				GCC_C_LANGUAGE_STANDARD = gnu99;
				GCC_NO_COMMON_BLOCKS = YES;
				GCC_WARN_64_TO_32_BIT_CONVERSION = YES;
				GCC_WARN_ABOUT_RETURN_TYPE = YES_ERROR;
				GCC_WARN_UNDECLARED_SELECTOR = YES;
				GCC_WARN_UNINITIALIZED_AUTOS = YES_AGGRESSIVE;
				GCC_WARN_UNUSED_FUNCTION = YES;
				GCC_WARN_UNUSED_VARIABLE = YES;
				IPHONEOS_DEPLOYMENT_TARGET = 9.3;
				MTL_ENABLE_DEBUG_INFO = NO;
				SDKROOT = iphoneos;
				VALIDATE_PRODUCT = YES;
			};
			name = Release;
		};
		96AAE7041CAAE5B2008D9CAA /* Debug */ = {
			isa = XCBuildConfiguration;
			buildSettings = {
				ASSETCATALOG_COMPILER_APPICON_NAME = AppIcon;
				CODE_SIGN_IDENTITY = "iPhone Developer";
				"CODE_SIGN_IDENTITY[sdk=iphoneos*]" = "iPhone Developer";
				INFOPLIST_FILE = Matchismo/Info.plist;
				LD_RUNPATH_SEARCH_PATHS = "$(inherited) @executable_path/Frameworks";
				PRODUCT_BUNDLE_IDENTIFIER = pollo.Matchismo;
				PRODUCT_NAME = "$(TARGET_NAME)";
				PROVISIONING_PROFILE = "";
			};
			name = Debug;
		};
		96AAE7051CAAE5B2008D9CAA /* Release */ = {
			isa = XCBuildConfiguration;
			buildSettings = {
				ASSETCATALOG_COMPILER_APPICON_NAME = AppIcon;
				CODE_SIGN_IDENTITY = "iPhone Developer";
				"CODE_SIGN_IDENTITY[sdk=iphoneos*]" = "iPhone Developer";
				INFOPLIST_FILE = Matchismo/Info.plist;
				LD_RUNPATH_SEARCH_PATHS = "$(inherited) @executable_path/Frameworks";
				PRODUCT_BUNDLE_IDENTIFIER = pollo.Matchismo;
				PRODUCT_NAME = "$(TARGET_NAME)";
				PROVISIONING_PROFILE = "";
			};
			name = Release;
		};
		96AAE7071CAAE5B2008D9CAA /* Debug */ = {
			isa = XCBuildConfiguration;
			buildSettings = {
				BUNDLE_LOADER = "$(TEST_HOST)";
				INFOPLIST_FILE = MatchismoTests/Info.plist;
				LD_RUNPATH_SEARCH_PATHS = "$(inherited) @executable_path/Frameworks @loader_path/Frameworks";
				PRODUCT_BUNDLE_IDENTIFIER = pollo.MatchismoTests;
				PRODUCT_NAME = "$(TARGET_NAME)";
				TEST_HOST = "$(BUILT_PRODUCTS_DIR)/Matchismo.app/Matchismo";
			};
			name = Debug;
		};
		96AAE7081CAAE5B2008D9CAA /* Release */ = {
			isa = XCBuildConfiguration;
			buildSettings = {
				BUNDLE_LOADER = "$(TEST_HOST)";
				INFOPLIST_FILE = MatchismoTests/Info.plist;
				LD_RUNPATH_SEARCH_PATHS = "$(inherited) @executable_path/Frameworks @loader_path/Frameworks";
				PRODUCT_BUNDLE_IDENTIFIER = pollo.MatchismoTests;
				PRODUCT_NAME = "$(TARGET_NAME)";
				TEST_HOST = "$(BUILT_PRODUCTS_DIR)/Matchismo.app/Matchismo";
			};
			name = Release;
		};
		96AAE70A1CAAE5B2008D9CAA /* Debug */ = {
			isa = XCBuildConfiguration;
			buildSettings = {
				INFOPLIST_FILE = MatchismoUITests/Info.plist;
				LD_RUNPATH_SEARCH_PATHS = "$(inherited) @executable_path/Frameworks @loader_path/Frameworks";
				PRODUCT_BUNDLE_IDENTIFIER = pollo.MatchismoUITests;
				PRODUCT_NAME = "$(TARGET_NAME)";
				TEST_TARGET_NAME = Matchismo;
			};
			name = Debug;
		};
		96AAE70B1CAAE5B2008D9CAA /* Release */ = {
			isa = XCBuildConfiguration;
			buildSettings = {
				INFOPLIST_FILE = MatchismoUITests/Info.plist;
				LD_RUNPATH_SEARCH_PATHS = "$(inherited) @executable_path/Frameworks @loader_path/Frameworks";
				PRODUCT_BUNDLE_IDENTIFIER = pollo.MatchismoUITests;
				PRODUCT_NAME = "$(TARGET_NAME)";
				TEST_TARGET_NAME = Matchismo;
			};
			name = Release;
		};
/* End XCBuildConfiguration section */

/* Begin XCConfigurationList section */
		96AAE6CE1CAAE5B1008D9CAA /* Build configuration list for PBXProject "Matchismo" */ = {
			isa = XCConfigurationList;
			buildConfigurations = (
				96AAE7011CAAE5B2008D9CAA /* Debug */,
				96AAE7021CAAE5B2008D9CAA /* Release */,
			);
			defaultConfigurationIsVisible = 0;
			defaultConfigurationName = Release;
		};
		96AAE7031CAAE5B2008D9CAA /* Build configuration list for PBXNativeTarget "Matchismo" */ = {
			isa = XCConfigurationList;
			buildConfigurations = (
				96AAE7041CAAE5B2008D9CAA /* Debug */,
				96AAE7051CAAE5B2008D9CAA /* Release */,
			);
			defaultConfigurationIsVisible = 0;
			defaultConfigurationName = Release;
		};
		96AAE7061CAAE5B2008D9CAA /* Build configuration list for PBXNativeTarget "MatchismoTests" */ = {
			isa = XCConfigurationList;
			buildConfigurations = (
				96AAE7071CAAE5B2008D9CAA /* Debug */,
				96AAE7081CAAE5B2008D9CAA /* Release */,
			);
			defaultConfigurationIsVisible = 0;
			defaultConfigurationName = Release;
		};
		96AAE7091CAAE5B2008D9CAA /* Build configuration list for PBXNativeTarget "MatchismoUITests" */ = {
			isa = XCConfigurationList;
			buildConfigurations = (
				96AAE70A1CAAE5B2008D9CAA /* Debug */,
				96AAE70B1CAAE5B2008D9CAA /* Release */,
			);
			defaultConfigurationIsVisible = 0;
			defaultConfigurationName = Release;
		};
/* End XCConfigurationList section */

/* Begin XCVersionGroup section */
		96AAE6E21CAAE5B2008D9CAA /* Matchismo.xcdatamodeld */ = {
			isa = XCVersionGroup;
			children = (
				96AAE6E31CAAE5B2008D9CAA /* Matchismo.xcdatamodel */,
			);
			currentVersion = 96AAE6E31CAAE5B2008D9CAA /* Matchismo.xcdatamodel */;
			path = Matchismo.xcdatamodeld;
			sourceTree = "<group>";
			versionGroupType = wrapper.xcdatamodel;
		};
/* End XCVersionGroup section */
	};
	rootObject = 96AAE6CB1CAAE5B1008D9CAA /* Project object */;
}
